
Microsoft Visual Studio Solution File, Format Version 12.00
# Visual Studio Version 16
VisualStudioVersion = 16.0.31321.278
MinimumVisualStudioVersion = 10.0.40219.1
Project("{FAE04EC0-301F-11D3-BF4B-00C04F79EFBC}") = "Server", "Server\Server.csproj", "{367D3F80-6284-4412-AF1F-43A0922AF54C}"
EndProject
Global
	GlobalSection(SolutionConfigurationPlatforms) = preSolution
		Debug|Any CPU = Debug|Any CPU
		Release|Any CPU = Release|Any CPU
	EndGlobalSection
	GlobalSection(ProjectConfigurationPlatforms) = postSolution
		{367D3F80-6284-4412-AF1F-43A0922AF54C}.Debug|Any CPU.ActiveCfg = Debug|Any CPU
		{367D3F80-6284-4412-AF1F-43A0922AF54C}.Debug|Any CPU.Build.0 = Debug|Any CPU
		{367D3F80-6284-4412-AF1F-43A0922AF54C}.Release|Any CPU.ActiveCfg = Release|Any CPU
		{367D3F80-6284-4412-AF1F-43A0922AF54C}.Release|Any CPU.Build.0 = Release|Any CPU
	EndGlobalSection
	GlobalSection(SolutionProperties) = preSolution
		HideSolutionNode = FALSE
	EndGlobalSection
	GlobalSection(ExtensibilityGlobals) = postSolution
		SolutionGuid = {2C1E34CF-8524-4C3A-9C82-F65463B7220C}
	EndGlobalSection
EndGlobal
